// !$*UTF8*$!
{
	archiveVersion = 1;
	classes = {
	};
	objectVersion = 56;
	objects = {

/* Begin PBXBuildFile section */
		1F18B6BA2D5934090005DF5F /* FullScreenCarouselView.swift in Sources */ = {isa = PBXBuildFile; fileRef = 1F18B6B92D5934090005DF5F /* FullScreenCarouselView.swift */; };
		1F234B232D21DAE7000DF507 /* UserViewModel.swift in Sources */ = {isa = PBXBuildFile; fileRef = 1F234B222D21DAE7000DF507 /* UserViewModel.swift */; };
		1F234B252D21DC85000DF507 /* UserModel.swift in Sources */ = {isa = PBXBuildFile; fileRef = 1F234B242D21DC7E000DF507 /* UserModel.swift */; };
		1F2BADF42A1AA6AC001182D5 /* ImagePickerViewModel.swift in Sources */ = {isa = PBXBuildFile; fileRef = 1F2BADF32A1AA6AC001182D5 /* ImagePickerViewModel.swift */; };
		1F357F582D0D3A0A003F121A /* FirebaseStorage in Frameworks */ = {isa = PBXBuildFile; productRef = 1F357F572D0D3A0A003F121A /* FirebaseStorage */; };
		1F357F5A2D0D3F06003F121A /* Extensions.swift in Sources */ = {isa = PBXBuildFile; fileRef = 1F357F592D0D3F06003F121A /* Extensions.swift */; };
		1F5E875C2A09FB3500B5A4ED /* FirebaseAnalytics in Frameworks */ = {isa = PBXBuildFile; productRef = 1F5E875B2A09FB3500B5A4ED /* FirebaseAnalytics */; };
		1F64774A29E5020F00B66F63 /* ListViewModel.swift in Sources */ = {isa = PBXBuildFile; fileRef = 1F64774929E5020F00B66F63 /* ListViewModel.swift */; };
		1F64774C29E5023600B66F63 /* ItemModel.swift in Sources */ = {isa = PBXBuildFile; fileRef = 1F64774B29E5023600B66F63 /* ItemModel.swift */; };
		1F64774E29E5025000B66F63 /* ListView.swift in Sources */ = {isa = PBXBuildFile; fileRef = 1F64774D29E5025000B66F63 /* ListView.swift */; };
		1F70BCB729E350D5000B3BB9 /* OnBoardingView.swift in Sources */ = {isa = PBXBuildFile; fileRef = 1F70BCB629E350D5000B3BB9 /* OnBoardingView.swift */; };
		1F815C8E29ECA08B000063D3 /* HomeView.swift in Sources */ = {isa = PBXBuildFile; fileRef = 1F815C8D29ECA08B000063D3 /* HomeView.swift */; };
		1F8EB9562B537915009CC18E /* GoogleSignIn in Frameworks */ = {isa = PBXBuildFile; productRef = 1F8EB9552B537915009CC18E /* GoogleSignIn */; };
		1F8EB9582B537915009CC18E /* GoogleSignInSwift in Frameworks */ = {isa = PBXBuildFile; productRef = 1F8EB9572B537915009CC18E /* GoogleSignInSwift */; };
		1F91D69B2C9678F300947A9D /* MockOnBoardingViewModel.swift in Sources */ = {isa = PBXBuildFile; fileRef = 1F91D69A2C9678F300947A9D /* MockOnBoardingViewModel.swift */; };
		1FAAA3902B534239007C7A26 /* ResetPasswordView.swift in Sources */ = {isa = PBXBuildFile; fileRef = 1FAAA38F2B534239007C7A26 /* ResetPasswordView.swift */; };
		1FAAA3922B53425A007C7A26 /* UpdateEmailView.swift in Sources */ = {isa = PBXBuildFile; fileRef = 1FAAA3912B53425A007C7A26 /* UpdateEmailView.swift */; };
		1FAAA3942B534600007C7A26 /* UpdatePasswordView.swift in Sources */ = {isa = PBXBuildFile; fileRef = 1FAAA3932B534600007C7A26 /* UpdatePasswordView.swift */; };
		1FCC05832D0E685100892746 /* FirebaseFirestore in Frameworks */ = {isa = PBXBuildFile; productRef = 1FCC05822D0E685100892746 /* FirebaseFirestore */; };
            1FCD29322D6270A80022E4CB /* PinchZoomImage.swift in Sources */ = {isa = PBXBuildFile; fileRef = 1FCD29312D62709F0022E4CB /* PinchZoomImage.swift */; };
            1FCD29342D6284A70022E4CB /* SettingsView.swift in Sources */ = {isa = PBXBuildFile; fileRef = 1FCD29332D62849E0022E4CB /* SettingsView.swift */; };
            1FCE7E462C0C036D00F7B2C6 /* DetailItemView.swift in Sources */ = {isa = PBXBuildFile; fileRef = 1FCE7E452C0C036D00F7B2C6 /* DetailItemView.swift */; };
            1FD222212EAD000100000001 /* DetailSectionCard.swift in Sources */ = {isa = PBXBuildFile; fileRef = 1FD222202EAD000100000001 /* DetailSectionCard.swift */; };
            1FD222242EAD000100000001 /* DetailItemItemSubview.swift in Sources */ = {isa = PBXBuildFile; fileRef = 1FD222232EAD000100000001 /* DetailItemItemSubview.swift */; };
            1FD222262EAD000100000001 /* DetailItemPhotosSubview.swift in Sources */ = {isa = PBXBuildFile; fileRef = 1FD222252EAD000100000001 /* DetailItemPhotosSubview.swift */; };
            1FD222282EAD000100000001 /* DetailItemLocationSubview.swift in Sources */ = {isa = PBXBuildFile; fileRef = 1FD222272EAD000100000001 /* DetailItemLocationSubview.swift */; };
            1FE006E82A10541200B0A6D7 /* ProfileView.swift in Sources */ = {isa = PBXBuildFile; fileRef = 1FE006E72A10541200B0A6D7 /* ProfileView.swift */; };
                1FE0EB8429EB577F007D16A6 /* OnBoardingViewModel.swift in Sources */ = {isa = PBXBuildFile; fileRef = 1FE0EB8329EB577F007D16A6 /* OnBoardingViewModel.swift */; };
                1FE6B36B29E65E5200C6B59A /* ItemRowView.swift in Sources */ = {isa = PBXBuildFile; fileRef = 1FE6B36A29E65E5200C6B59A /* ItemRowView.swift */; };
                1FE99B9D2E9C5A5D0009C44F /* UsernameSetupView.swift in Sources */ = {isa = PBXBuildFile; fileRef = 1FE99B9C2E9C5A5D0009C44F /* UsernameSetupView.swift */; };
                1FE7B0C92D73ED1100D7BDC1 /* NewUserNameView.swift in Sources */ = {isa = PBXBuildFile; fileRef = 1FE7B0C82D73ED0900D7BDC1 /* NewUserNameView.swift */; };
		1FED1A0D29E20B2E00868BAC /* BucketsApp.swift in Sources */ = {isa = PBXBuildFile; fileRef = 1FED1A0C29E20B2E00868BAC /* BucketsApp.swift */; };
		1FED1A1129E20B3100868BAC /* Assets.xcassets in Resources */ = {isa = PBXBuildFile; fileRef = 1FED1A1029E20B3100868BAC /* Assets.xcassets */; };
		1FED1A1429E20B3100868BAC /* Preview Assets.xcassets in Resources */ = {isa = PBXBuildFile; fileRef = 1FED1A1329E20B3100868BAC /* Preview Assets.xcassets */; };
		1FED1A1F29E20C1500868BAC /* LogInView.swift in Sources */ = {isa = PBXBuildFile; fileRef = 1FED1A1E29E20C1500868BAC /* LogInView.swift */; };
		1FED1A2129E20C2300868BAC /* SignUpView.swift in Sources */ = {isa = PBXBuildFile; fileRef = 1FED1A2029E20C2300868BAC /* SignUpView.swift */; };
		1FFCE5B92B4200CB001751CA /* GoogleService-Info.plist in Resources */ = {isa = PBXBuildFile; fileRef = 1FFCE5B82B4200CB001751CA /* GoogleService-Info.plist */; };
		1FFCE5BB2B420BEF001751CA /* FirebaseAuth in Frameworks */ = {isa = PBXBuildFile; productRef = 1FFCE5BA2B420BEF001751CA /* FirebaseAuth */; };
		1FFDC43F2D4FF2EB00DD087F /* UpdateUserNameView.swift in Sources */ = {isa = PBXBuildFile; fileRef = 1FFDC43E2D4FF2EB00DD087F /* UpdateUserNameView.swift */; };
/* End PBXBuildFile section */

/* Begin PBXFileReference section */
		1F18B6B92D5934090005DF5F /* FullScreenCarouselView.swift */ = {isa = PBXFileReference; lastKnownFileType = sourcecode.swift; path = FullScreenCarouselView.swift; sourceTree = "<group>"; };
		1F234B222D21DAE7000DF507 /* UserViewModel.swift */ = {isa = PBXFileReference; lastKnownFileType = sourcecode.swift; path = UserViewModel.swift; sourceTree = "<group>"; };
		1F234B242D21DC7E000DF507 /* UserModel.swift */ = {isa = PBXFileReference; lastKnownFileType = sourcecode.swift; path = UserModel.swift; sourceTree = "<group>"; };
		1F2BADF32A1AA6AC001182D5 /* ImagePickerViewModel.swift */ = {isa = PBXFileReference; lastKnownFileType = sourcecode.swift; path = ImagePickerViewModel.swift; sourceTree = "<group>"; };
		1F357F592D0D3F06003F121A /* Extensions.swift */ = {isa = PBXFileReference; lastKnownFileType = sourcecode.swift; path = Extensions.swift; sourceTree = "<group>"; };
		1F64774929E5020F00B66F63 /* ListViewModel.swift */ = {isa = PBXFileReference; lastKnownFileType = sourcecode.swift; path = ListViewModel.swift; sourceTree = "<group>"; };
		1F64774B29E5023600B66F63 /* ItemModel.swift */ = {isa = PBXFileReference; lastKnownFileType = sourcecode.swift; path = ItemModel.swift; sourceTree = "<group>"; };
		1F64774D29E5025000B66F63 /* ListView.swift */ = {isa = PBXFileReference; lastKnownFileType = sourcecode.swift; path = ListView.swift; sourceTree = "<group>"; };
		1F70BCB629E350D5000B3BB9 /* OnBoardingView.swift */ = {isa = PBXFileReference; lastKnownFileType = sourcecode.swift; path = OnBoardingView.swift; sourceTree = "<group>"; };
		1F815C8D29ECA08B000063D3 /* HomeView.swift */ = {isa = PBXFileReference; lastKnownFileType = sourcecode.swift; path = HomeView.swift; sourceTree = "<group>"; };
		1F8EB9592B5379E5009CC18E /* Info.plist */ = {isa = PBXFileReference; lastKnownFileType = text.plist; path = Info.plist; sourceTree = "<group>"; };
		1F91D69A2C9678F300947A9D /* MockOnBoardingViewModel.swift */ = {isa = PBXFileReference; lastKnownFileType = sourcecode.swift; path = MockOnBoardingViewModel.swift; sourceTree = "<group>"; };
		1FAAA38F2B534239007C7A26 /* ResetPasswordView.swift */ = {isa = PBXFileReference; lastKnownFileType = sourcecode.swift; path = ResetPasswordView.swift; sourceTree = "<group>"; };
		1FAAA3912B53425A007C7A26 /* UpdateEmailView.swift */ = {isa = PBXFileReference; lastKnownFileType = sourcecode.swift; path = UpdateEmailView.swift; sourceTree = "<group>"; };
		1FAAA3932B534600007C7A26 /* UpdatePasswordView.swift */ = {isa = PBXFileReference; lastKnownFileType = sourcecode.swift; path = UpdatePasswordView.swift; sourceTree = "<group>"; };
		1FCD29312D62709F0022E4CB /* PinchZoomImage.swift */ = {isa = PBXFileReference; lastKnownFileType = sourcecode.swift; path = PinchZoomImage.swift; sourceTree = "<group>"; };
            1FCD29332D62849E0022E4CB /* SettingsView.swift */ = {isa = PBXFileReference; lastKnownFileType = sourcecode.swift; path = SettingsView.swift; sourceTree = "<group>"; };
            1FCE7E452C0C036D00F7B2C6 /* DetailItemView.swift */ = {isa = PBXFileReference; lastKnownFileType = sourcecode.swift; path = DetailItemView.swift; sourceTree = "<group>"; };
            1FD222202EAD000100000001 /* DetailSectionCard.swift */ = {isa = PBXFileReference; lastKnownFileType = sourcecode.swift; path = DetailSectionCard.swift; sourceTree = "<group>"; };
            1FD222232EAD000100000001 /* DetailItemItemSubview.swift */ = {isa = PBXFileReference; lastKnownFileType = sourcecode.swift; path = DetailItemItemSubview.swift; sourceTree = "<group>"; };
            1FD222252EAD000100000001 /* DetailItemPhotosSubview.swift */ = {isa = PBXFileReference; lastKnownFileType = sourcecode.swift; path = DetailItemPhotosSubview.swift; sourceTree = "<group>"; };
            1FD222272EAD000100000001 /* DetailItemLocationSubview.swift */ = {isa = PBXFileReference; lastKnownFileType = sourcecode.swift; path = DetailItemLocationSubview.swift; sourceTree = "<group>"; };
            1FE006E72A10541200B0A6D7 /* ProfileView.swift */ = {isa = PBXFileReference; lastKnownFileType = sourcecode.swift; path = ProfileView.swift; sourceTree = "<group>"; };
                1FE0EB8329EB577F007D16A6 /* OnBoardingViewModel.swift */ = {isa = PBXFileReference; lastKnownFileType = sourcecode.swift; path = OnBoardingViewModel.swift; sourceTree = "<group>"; };
                1FE6B36A29E65E5200C6B59A /* ItemRowView.swift */ = {isa = PBXFileReference; lastKnownFileType = sourcecode.swift; path = ItemRowView.swift; sourceTree = "<group>"; };
                1FE99B9C2E9C5A5D0009C44F /* UsernameSetupView.swift */ = {isa = PBXFileReference; lastKnownFileType = sourcecode.swift; path = UsernameSetupView.swift; sourceTree = "<group>"; };
                1FE7B0C82D73ED0900D7BDC1 /* NewUserNameView.swift */ = {isa = PBXFileReference; lastKnownFileType = sourcecode.swift; path = NewUserNameView.swift; sourceTree = "<group>"; };
		1FED1A0929E20B2E00868BAC /* BucketsApp.app */ = {isa = PBXFileReference; explicitFileType = wrapper.application; includeInIndex = 0; path = BucketsApp.app; sourceTree = BUILT_PRODUCTS_DIR; };
		1FED1A0C29E20B2E00868BAC /* BucketsApp.swift */ = {isa = PBXFileReference; lastKnownFileType = sourcecode.swift; path = BucketsApp.swift; sourceTree = "<group>"; };
		1FED1A1029E20B3100868BAC /* Assets.xcassets */ = {isa = PBXFileReference; lastKnownFileType = folder.assetcatalog; path = Assets.xcassets; sourceTree = "<group>"; };
		1FED1A1329E20B3100868BAC /* Preview Assets.xcassets */ = {isa = PBXFileReference; lastKnownFileType = folder.assetcatalog; path = "Preview Assets.xcassets"; sourceTree = "<group>"; };
		1FED1A1E29E20C1500868BAC /* LogInView.swift */ = {isa = PBXFileReference; lastKnownFileType = sourcecode.swift; path = LogInView.swift; sourceTree = "<group>"; };
		1FED1A2029E20C2300868BAC /* SignUpView.swift */ = {isa = PBXFileReference; lastKnownFileType = sourcecode.swift; path = SignUpView.swift; sourceTree = "<group>"; };
		1FFCE5B82B4200CB001751CA /* GoogleService-Info.plist */ = {isa = PBXFileReference; fileEncoding = 4; lastKnownFileType = text.plist.xml; path = "GoogleService-Info.plist"; sourceTree = "<group>"; };
		1FFDC43E2D4FF2EB00DD087F /* UpdateUserNameView.swift */ = {isa = PBXFileReference; lastKnownFileType = sourcecode.swift; path = UpdateUserNameView.swift; sourceTree = "<group>"; };
/* End PBXFileReference section */

/* Begin PBXFrameworksBuildPhase section */
		1FED1A0629E20B2E00868BAC /* Frameworks */ = {
			isa = PBXFrameworksBuildPhase;
			buildActionMask = 2147483647;
			files = (
				1F8EB9582B537915009CC18E /* GoogleSignInSwift in Frameworks */,
				1F8EB9562B537915009CC18E /* GoogleSignIn in Frameworks */,
				1FFCE5BB2B420BEF001751CA /* FirebaseAuth in Frameworks */,
				1F5E875C2A09FB3500B5A4ED /* FirebaseAnalytics in Frameworks */,
				1F357F582D0D3A0A003F121A /* FirebaseStorage in Frameworks */,
				1FCC05832D0E685100892746 /* FirebaseFirestore in Frameworks */,
			);
			runOnlyForDeploymentPostprocessing = 0;
		};
/* End PBXFrameworksBuildPhase section */

/* Begin PBXGroup section */
		1F62F07729E27ABA00C107CD /* User */ = {
			isa = PBXGroup;
			children = (
				1FE7B0C82D73ED0900D7BDC1 /* NewUserNameView.swift */,
				1FCD29332D62849E0022E4CB /* SettingsView.swift */,
				1F815C8D29ECA08B000063D3 /* HomeView.swift */,
				1FE006E72A10541200B0A6D7 /* ProfileView.swift */,
				1FAAA38F2B534239007C7A26 /* ResetPasswordView.swift */,
				1FAAA3912B53425A007C7A26 /* UpdateEmailView.swift */,
				1FAAA3932B534600007C7A26 /* UpdatePasswordView.swift */,
				1FFDC43E2D4FF2EB00DD087F /* UpdateUserNameView.swift */,
			);
			path = User;
			sourceTree = "<group>";
		};
		1FDE823A2B3E286C0078862C /* Frameworks */ = {
			isa = PBXGroup;
			children = (
			);
			name = Frameworks;
			sourceTree = "<group>";
		};
		1FED1A0029E20B2E00868BAC = {
			isa = PBXGroup;
			children = (
				1FED1A0B29E20B2E00868BAC /* BucketsApp */,
				1FED1A0A29E20B2E00868BAC /* Products */,
				1FDE823A2B3E286C0078862C /* Frameworks */,
			);
			sourceTree = "<group>";
		};
		1FED1A0A29E20B2E00868BAC /* Products */ = {
			isa = PBXGroup;
			children = (
				1FED1A0929E20B2E00868BAC /* BucketsApp.app */,
			);
			name = Products;
			sourceTree = "<group>";
		};
		1FED1A0B29E20B2E00868BAC /* BucketsApp */ = {
			isa = PBXGroup;
			children = (
				1FED1A0C29E20B2E00868BAC /* BucketsApp.swift */,
				1F8EB9592B5379E5009CC18E /* Info.plist */,
				1FED1A1C29E20B6000868BAC /* Model */,
				1FED1A1B29E20B5700868BAC /* ViewModel */,
				1FED1A1A29E20B4D00868BAC /* View */,
				1FED1A1029E20B3100868BAC /* Assets.xcassets */,
				1FFCE5B82B4200CB001751CA /* GoogleService-Info.plist */,
				1FED1A1229E20B3100868BAC /* Preview Content */,
			);
			path = BucketsApp;
			sourceTree = "<group>";
		};
		1FED1A1229E20B3100868BAC /* Preview Content */ = {
			isa = PBXGroup;
			children = (
				1FED1A1329E20B3100868BAC /* Preview Assets.xcassets */,
			);
			path = "Preview Content";
			sourceTree = "<group>";
		};
		1FED1A1A29E20B4D00868BAC /* View */ = {
			isa = PBXGroup;
			children = (
				1F62F07729E27ABA00C107CD /* User */,
				1FED1A2429E210A400868BAC /* List */,
				1FED1A1D29E20BF800868BAC /* OnBoarding */,
			);
			path = View;
			sourceTree = "<group>";
		};
		1FED1A1B29E20B5700868BAC /* ViewModel */ = {
			isa = PBXGroup;
			children = (
				1F234B222D21DAE7000DF507 /* UserViewModel.swift */,
				1F64774929E5020F00B66F63 /* ListViewModel.swift */,
				1F2BADF32A1AA6AC001182D5 /* ImagePickerViewModel.swift */,
				1FE0EB8329EB577F007D16A6 /* OnBoardingViewModel.swift */,
				1F91D69A2C9678F300947A9D /* MockOnBoardingViewModel.swift */,
				1F357F592D0D3F06003F121A /* Extensions.swift */,
			);
			path = ViewModel;
			sourceTree = "<group>";
		};
		1FED1A1C29E20B6000868BAC /* Model */ = {
			isa = PBXGroup;
			children = (
				1F64774B29E5023600B66F63 /* ItemModel.swift */,
				1F234B242D21DC7E000DF507 /* UserModel.swift */,
			);
			path = Model;
			sourceTree = "<group>";
		};
		1FED1A1D29E20BF800868BAC /* OnBoarding */ = {
			isa = PBXGroup;
                        children = (
                                1F70BCB629E350D5000B3BB9 /* OnBoardingView.swift */,
                                1FED1A1E29E20C1500868BAC /* LogInView.swift */,
                                1FED1A2029E20C2300868BAC /* SignUpView.swift */,
                                1FE99B9C2E9C5A5D0009C44F /* UsernameSetupView.swift */,
                        );
			path = OnBoarding;
			sourceTree = "<group>";
		};
		1FED1A2429E210A400868BAC /* List */ = {
			isa = PBXGroup;
			children = (
				1F64774D29E5025000B66F63 /* ListView.swift */,
				1FE6B36A29E65E5200C6B59A /* ItemRowView.swift */,
                                1FCE7E452C0C036D00F7B2C6 /* DetailItemView.swift */,
                                1FD222202EAD000100000001 /* DetailSectionCard.swift */,
                                1FD222232EAD000100000001 /* DetailItemItemSubview.swift */,
                                1FD222252EAD000100000001 /* DetailItemPhotosSubview.swift */,
                                1FD222272EAD000100000001 /* DetailItemLocationSubview.swift */,
                                1F18B6B92D5934090005DF5F /* FullScreenCarouselView.swift */,
                                1FCD29312D62709F0022E4CB /* PinchZoomImage.swift */,
                        );
			path = List;
			sourceTree = "<group>";
		};
/* End PBXGroup section */

/* Begin PBXNativeTarget section */
		1FED1A0829E20B2E00868BAC /* BucketsApp */ = {
			isa = PBXNativeTarget;
			buildConfigurationList = 1FED1A1729E20B3100868BAC /* Build configuration list for PBXNativeTarget "BucketsApp" */;
			buildPhases = (
				1FED1A0529E20B2E00868BAC /* Sources */,
				1FED1A0629E20B2E00868BAC /* Frameworks */,
				1FED1A0729E20B2E00868BAC /* Resources */,
			);
			buildRules = (
			);
			dependencies = (
			);
			name = BucketsApp;
			packageProductDependencies = (
				1F5E875B2A09FB3500B5A4ED /* FirebaseAnalytics */,
				1FFCE5BA2B420BEF001751CA /* FirebaseAuth */,
				1F8EB9552B537915009CC18E /* GoogleSignIn */,
				1F8EB9572B537915009CC18E /* GoogleSignInSwift */,
				1F357F572D0D3A0A003F121A /* FirebaseStorage */,
				1FCC05822D0E685100892746 /* FirebaseFirestore */,
			);
			productName = BucketsApp;
			productReference = 1FED1A0929E20B2E00868BAC /* BucketsApp.app */;
			productType = "com.apple.product-type.application";
		};
/* End PBXNativeTarget section */

/* Begin PBXProject section */
		1FED1A0129E20B2E00868BAC /* Project object */ = {
			isa = PBXProject;
			attributes = {
				BuildIndependentTargetsInParallel = 1;
				LastSwiftUpdateCheck = 1410;
				LastUpgradeCheck = 1620;
				TargetAttributes = {
					1FED1A0829E20B2E00868BAC = {
						CreatedOnToolsVersion = 14.1;
					};
				};
			};
			buildConfigurationList = 1FED1A0429E20B2E00868BAC /* Build configuration list for PBXProject "BucketsApp" */;
			compatibilityVersion = "Xcode 14.0";
			developmentRegion = en;
			hasScannedForEncodings = 0;
			knownRegions = (
				en,
				Base,
			);
			mainGroup = 1FED1A0029E20B2E00868BAC;
			packageReferences = (
				1F5E875A2A09FB3500B5A4ED /* XCRemoteSwiftPackageReference "firebase-ios-sdk" */,
				1F8EB9542B537915009CC18E /* XCRemoteSwiftPackageReference "GoogleSignIn-iOS" */,
			);
			productRefGroup = 1FED1A0A29E20B2E00868BAC /* Products */;
			projectDirPath = "";
			projectRoot = "";
			targets = (
				1FED1A0829E20B2E00868BAC /* BucketsApp */,
			);
		};
/* End PBXProject section */

/* Begin PBXResourcesBuildPhase section */
		1FED1A0729E20B2E00868BAC /* Resources */ = {
			isa = PBXResourcesBuildPhase;
			buildActionMask = 2147483647;
			files = (
				1FED1A1429E20B3100868BAC /* Preview Assets.xcassets in Resources */,
				1FED1A1129E20B3100868BAC /* Assets.xcassets in Resources */,
				1FFCE5B92B4200CB001751CA /* GoogleService-Info.plist in Resources */,
			);
			runOnlyForDeploymentPostprocessing = 0;
		};
/* End PBXResourcesBuildPhase section */

/* Begin PBXSourcesBuildPhase section */
		1FED1A0529E20B2E00868BAC /* Sources */ = {
			isa = PBXSourcesBuildPhase;
			buildActionMask = 2147483647;
			files = (
				1FE7B0C92D73ED1100D7BDC1 /* NewUserNameView.swift in Sources */,
				1FED1A1F29E20C1500868BAC /* LogInView.swift in Sources */,
				1F234B232D21DAE7000DF507 /* UserViewModel.swift in Sources */,
				1FE006E82A10541200B0A6D7 /* ProfileView.swift in Sources */,
				1F2BADF42A1AA6AC001182D5 /* ImagePickerViewModel.swift in Sources */,
                                1FE6B36B29E65E5200C6B59A /* ItemRowView.swift in Sources */,
                                1F91D69B2C9678F300947A9D /* MockOnBoardingViewModel.swift in Sources */,
                                1FCE7E462C0C036D00F7B2C6 /* DetailItemView.swift in Sources */,
                                1FD222212EAD000100000001 /* DetailSectionCard.swift in Sources */,
                                1FD222242EAD000100000001 /* DetailItemItemSubview.swift in Sources */,
                                1FD222262EAD000100000001 /* DetailItemPhotosSubview.swift in Sources */,
                                1FD222282EAD000100000001 /* DetailItemLocationSubview.swift in Sources */,
                                1FAAA3922B53425A007C7A26 /* UpdateEmailView.swift in Sources */,
				1FFDC43F2D4FF2EB00DD087F /* UpdateUserNameView.swift in Sources */,
				1FCD29342D6284A70022E4CB /* SettingsView.swift in Sources */,
				1F234B252D21DC85000DF507 /* UserModel.swift in Sources */,
				1F357F5A2D0D3F06003F121A /* Extensions.swift in Sources */,
				1F64774A29E5020F00B66F63 /* ListViewModel.swift in Sources */,
				1F64774E29E5025000B66F63 /* ListView.swift in Sources */,
				1F18B6BA2D5934090005DF5F /* FullScreenCarouselView.swift in Sources */,
				1FED1A0D29E20B2E00868BAC /* BucketsApp.swift in Sources */,
				1FE0EB8429EB577F007D16A6 /* OnBoardingViewModel.swift in Sources */,
				1F64774C29E5023600B66F63 /* ItemModel.swift in Sources */,
				1FCD29322D6270A80022E4CB /* PinchZoomImage.swift in Sources */,
				1FED1A2129E20C2300868BAC /* SignUpView.swift in Sources */,
                            1FAAA3902B534239007C7A26 /* ResetPasswordView.swift in Sources */,
                            1F70BCB729E350D5000B3BB9 /* OnBoardingView.swift in Sources */,
                            1FE99B9D2E9C5A5D0009C44F /* UsernameSetupView.swift in Sources */,
                            1F815C8E29ECA08B000063D3 /* HomeView.swift in Sources */,
				1FAAA3942B534600007C7A26 /* UpdatePasswordView.swift in Sources */,
			);
			runOnlyForDeploymentPostprocessing = 0;
		};
/* End PBXSourcesBuildPhase section */

/* Begin XCBuildConfiguration section */
		1FED1A1529E20B3100868BAC /* Debug */ = {
			isa = XCBuildConfiguration;
			buildSettings = {
				ALWAYS_SEARCH_USER_PATHS = NO;
				CLANG_ANALYZER_NONNULL = YES;
				CLANG_ANALYZER_NUMBER_OBJECT_CONVERSION = YES_AGGRESSIVE;
				CLANG_CXX_LANGUAGE_STANDARD = "gnu++20";
				CLANG_ENABLE_MODULES = YES;
				CLANG_ENABLE_OBJC_ARC = YES;
				CLANG_ENABLE_OBJC_WEAK = YES;
				CLANG_WARN_BLOCK_CAPTURE_AUTORELEASING = YES;
				CLANG_WARN_BOOL_CONVERSION = YES;
				CLANG_WARN_COMMA = YES;
				CLANG_WARN_CONSTANT_CONVERSION = YES;
				CLANG_WARN_DEPRECATED_OBJC_IMPLEMENTATIONS = YES;
				CLANG_WARN_DIRECT_OBJC_ISA_USAGE = YES_ERROR;
				CLANG_WARN_DOCUMENTATION_COMMENTS = YES;
				CLANG_WARN_EMPTY_BODY = YES;
				CLANG_WARN_ENUM_CONVERSION = YES;
				CLANG_WARN_INFINITE_RECURSION = YES;
				CLANG_WARN_INT_CONVERSION = YES;
				CLANG_WARN_NON_LITERAL_NULL_CONVERSION = YES;
				CLANG_WARN_OBJC_IMPLICIT_RETAIN_SELF = YES;
				CLANG_WARN_OBJC_LITERAL_CONVERSION = YES;
				CLANG_WARN_OBJC_ROOT_CLASS = YES_ERROR;
				CLANG_WARN_QUOTED_INCLUDE_IN_FRAMEWORK_HEADER = YES;
				CLANG_WARN_RANGE_LOOP_ANALYSIS = YES;
				CLANG_WARN_STRICT_PROTOTYPES = YES;
				CLANG_WARN_SUSPICIOUS_MOVE = YES;
				CLANG_WARN_UNGUARDED_AVAILABILITY = YES_AGGRESSIVE;
				CLANG_WARN_UNREACHABLE_CODE = YES;
				CLANG_WARN__DUPLICATE_METHOD_MATCH = YES;
				COPY_PHASE_STRIP = NO;
				DEBUG_INFORMATION_FORMAT = dwarf;
				ENABLE_STRICT_OBJC_MSGSEND = YES;
				ENABLE_TESTABILITY = YES;
				ENABLE_USER_SCRIPT_SANDBOXING = YES;
				GCC_C_LANGUAGE_STANDARD = gnu11;
				GCC_DYNAMIC_NO_PIC = NO;
				GCC_NO_COMMON_BLOCKS = YES;
				GCC_OPTIMIZATION_LEVEL = 0;
				GCC_PREPROCESSOR_DEFINITIONS = (
					"DEBUG=1",
					"$(inherited)",
				);
				GCC_WARN_64_TO_32_BIT_CONVERSION = YES;
				GCC_WARN_ABOUT_RETURN_TYPE = YES_ERROR;
				GCC_WARN_UNDECLARED_SELECTOR = YES;
				GCC_WARN_UNINITIALIZED_AUTOS = YES_AGGRESSIVE;
				GCC_WARN_UNUSED_FUNCTION = YES;
				GCC_WARN_UNUSED_VARIABLE = YES;
				IPHONEOS_DEPLOYMENT_TARGET = 17.6;
				MTL_ENABLE_DEBUG_INFO = INCLUDE_SOURCE;
				MTL_FAST_MATH = YES;
				ONLY_ACTIVE_ARCH = YES;
				SDKROOT = iphoneos;
				SWIFT_ACTIVE_COMPILATION_CONDITIONS = DEBUG;
				SWIFT_OPTIMIZATION_LEVEL = "-Onone";
			};
			name = Debug;
		};
		1FED1A1629E20B3100868BAC /* Release */ = {
			isa = XCBuildConfiguration;
			buildSettings = {
				ALWAYS_SEARCH_USER_PATHS = NO;
				CLANG_ANALYZER_NONNULL = YES;
				CLANG_ANALYZER_NUMBER_OBJECT_CONVERSION = YES_AGGRESSIVE;
				CLANG_CXX_LANGUAGE_STANDARD = "gnu++20";
				CLANG_ENABLE_MODULES = YES;
				CLANG_ENABLE_OBJC_ARC = YES;
				CLANG_ENABLE_OBJC_WEAK = YES;
				CLANG_WARN_BLOCK_CAPTURE_AUTORELEASING = YES;
				CLANG_WARN_BOOL_CONVERSION = YES;
				CLANG_WARN_COMMA = YES;
				CLANG_WARN_CONSTANT_CONVERSION = YES;
				CLANG_WARN_DEPRECATED_OBJC_IMPLEMENTATIONS = YES;
				CLANG_WARN_DIRECT_OBJC_ISA_USAGE = YES_ERROR;
				CLANG_WARN_DOCUMENTATION_COMMENTS = YES;
				CLANG_WARN_EMPTY_BODY = YES;
				CLANG_WARN_ENUM_CONVERSION = YES;
				CLANG_WARN_INFINITE_RECURSION = YES;
				CLANG_WARN_INT_CONVERSION = YES;
				CLANG_WARN_NON_LITERAL_NULL_CONVERSION = YES;
				CLANG_WARN_OBJC_IMPLICIT_RETAIN_SELF = YES;
				CLANG_WARN_OBJC_LITERAL_CONVERSION = YES;
				CLANG_WARN_OBJC_ROOT_CLASS = YES_ERROR;
				CLANG_WARN_QUOTED_INCLUDE_IN_FRAMEWORK_HEADER = YES;
				CLANG_WARN_RANGE_LOOP_ANALYSIS = YES;
				CLANG_WARN_STRICT_PROTOTYPES = YES;
				CLANG_WARN_SUSPICIOUS_MOVE = YES;
				CLANG_WARN_UNGUARDED_AVAILABILITY = YES_AGGRESSIVE;
				CLANG_WARN_UNREACHABLE_CODE = YES;
				CLANG_WARN__DUPLICATE_METHOD_MATCH = YES;
				COPY_PHASE_STRIP = NO;
				DEBUG_INFORMATION_FORMAT = "dwarf-with-dsym";
				ENABLE_NS_ASSERTIONS = NO;
				ENABLE_STRICT_OBJC_MSGSEND = YES;
				ENABLE_USER_SCRIPT_SANDBOXING = YES;
				GCC_C_LANGUAGE_STANDARD = gnu11;
				GCC_NO_COMMON_BLOCKS = YES;
				GCC_WARN_64_TO_32_BIT_CONVERSION = YES;
				GCC_WARN_ABOUT_RETURN_TYPE = YES_ERROR;
				GCC_WARN_UNDECLARED_SELECTOR = YES;
				GCC_WARN_UNINITIALIZED_AUTOS = YES_AGGRESSIVE;
				GCC_WARN_UNUSED_FUNCTION = YES;
				GCC_WARN_UNUSED_VARIABLE = YES;
				IPHONEOS_DEPLOYMENT_TARGET = 17.6;
				MTL_ENABLE_DEBUG_INFO = NO;
				MTL_FAST_MATH = YES;
				"OTHER_LDFLAGS[arch=*]" = "";
				SDKROOT = iphoneos;
				SWIFT_COMPILATION_MODE = wholemodule;
				SWIFT_OPTIMIZATION_LEVEL = "-Onone";
				VALIDATE_PRODUCT = YES;
			};
			name = Release;
		};
		1FED1A1829E20B3100868BAC /* Debug */ = {
			isa = XCBuildConfiguration;
			buildSettings = {
				ASSETCATALOG_COMPILER_APPICON_NAME = AppIcon;
				ASSETCATALOG_COMPILER_GLOBAL_ACCENT_COLOR_NAME = AccentColor;
				ASSETCATALOG_COMPILER_INCLUDE_ALL_APPICON_ASSETS = YES;
				CODE_SIGN_STYLE = Automatic;
				CURRENT_PROJECT_VERSION = 1;
				DEVELOPMENT_ASSET_PATHS = "\"BucketsApp/Preview Content\"";
				DEVELOPMENT_TEAM = FKHGZ3FY4U;
				ENABLE_PREVIEWS = YES;
				GENERATE_INFOPLIST_FILE = YES;
				INFOPLIST_FILE = BucketsApp/Info.plist;
				INFOPLIST_KEY_NSPhotoLibraryUsageDescription = "This app requires access to your photo library to let you choose profile pictures.";
				INFOPLIST_KEY_UIApplicationSceneManifest_Generation = YES;
				INFOPLIST_KEY_UIApplicationSupportsIndirectInputEvents = YES;
				INFOPLIST_KEY_UILaunchScreen_Generation = YES;
				INFOPLIST_KEY_UISupportedInterfaceOrientations_iPad = "UIInterfaceOrientationPortrait UIInterfaceOrientationPortraitUpsideDown UIInterfaceOrientationLandscapeLeft UIInterfaceOrientationLandscapeRight";
				INFOPLIST_KEY_UISupportedInterfaceOrientations_iPhone = "UIInterfaceOrientationPortrait UIInterfaceOrientationLandscapeLeft UIInterfaceOrientationLandscapeRight";
				LD_RUNPATH_SEARCH_PATHS = (
					"$(inherited)",
					"@executable_path/Frameworks",
				);
				MARKETING_VERSION = 0.1.0;
				"OTHER_LDFLAGS[arch=*]" = "";
				PRODUCT_BUNDLE_IDENTIFIER = com.patrickwesterkamp.BucketsApp;
				PRODUCT_NAME = "$(TARGET_NAME)";
				SWIFT_EMIT_LOC_STRINGS = YES;
				SWIFT_VERSION = 5.0;
				TARGETED_DEVICE_FAMILY = "1,2";
			};
			name = Debug;
		};
		1FED1A1929E20B3100868BAC /* Release */ = {
			isa = XCBuildConfiguration;
			buildSettings = {
				ASSETCATALOG_COMPILER_APPICON_NAME = AppIcon;
				ASSETCATALOG_COMPILER_GLOBAL_ACCENT_COLOR_NAME = AccentColor;
				ASSETCATALOG_COMPILER_INCLUDE_ALL_APPICON_ASSETS = YES;
				CODE_SIGN_STYLE = Automatic;
				CURRENT_PROJECT_VERSION = 1;
				DEVELOPMENT_ASSET_PATHS = "\"BucketsApp/Preview Content\"";
				DEVELOPMENT_TEAM = FKHGZ3FY4U;
				ENABLE_PREVIEWS = YES;
				GENERATE_INFOPLIST_FILE = YES;
				INFOPLIST_FILE = BucketsApp/Info.plist;
				INFOPLIST_KEY_NSPhotoLibraryUsageDescription = "This app requires access to your photo library to let you choose profile pictures.";
				INFOPLIST_KEY_UIApplicationSceneManifest_Generation = YES;
				INFOPLIST_KEY_UIApplicationSupportsIndirectInputEvents = YES;
				INFOPLIST_KEY_UILaunchScreen_Generation = YES;
				INFOPLIST_KEY_UISupportedInterfaceOrientations_iPad = "UIInterfaceOrientationPortrait UIInterfaceOrientationPortraitUpsideDown UIInterfaceOrientationLandscapeLeft UIInterfaceOrientationLandscapeRight";
				INFOPLIST_KEY_UISupportedInterfaceOrientations_iPhone = "UIInterfaceOrientationPortrait UIInterfaceOrientationLandscapeLeft UIInterfaceOrientationLandscapeRight";
				LD_RUNPATH_SEARCH_PATHS = (
					"$(inherited)",
					"@executable_path/Frameworks",
				);
				MARKETING_VERSION = 0.1.0;
				PRODUCT_BUNDLE_IDENTIFIER = com.patrickwesterkamp.BucketsApp;
				PRODUCT_NAME = "$(TARGET_NAME)";
				SWIFT_EMIT_LOC_STRINGS = YES;
				SWIFT_VERSION = 5.0;
				TARGETED_DEVICE_FAMILY = "1,2";
			};
			name = Release;
		};
/* End XCBuildConfiguration section */

/* Begin XCConfigurationList section */
		1FED1A0429E20B2E00868BAC /* Build configuration list for PBXProject "BucketsApp" */ = {
			isa = XCConfigurationList;
			buildConfigurations = (
				1FED1A1529E20B3100868BAC /* Debug */,
				1FED1A1629E20B3100868BAC /* Release */,
			);
			defaultConfigurationIsVisible = 0;
			defaultConfigurationName = Release;
		};
		1FED1A1729E20B3100868BAC /* Build configuration list for PBXNativeTarget "BucketsApp" */ = {
			isa = XCConfigurationList;
			buildConfigurations = (
				1FED1A1829E20B3100868BAC /* Debug */,
				1FED1A1929E20B3100868BAC /* Release */,
			);
			defaultConfigurationIsVisible = 0;
			defaultConfigurationName = Release;
		};
/* End XCConfigurationList section */

/* Begin XCRemoteSwiftPackageReference section */
		1F5E875A2A09FB3500B5A4ED /* XCRemoteSwiftPackageReference "firebase-ios-sdk" */ = {
			isa = XCRemoteSwiftPackageReference;
			repositoryURL = "https://github.com/firebase/firebase-ios-sdk";
			requirement = {
				kind = exactVersion;
				version = 11.6.0;
			};
		};
		1F8EB9542B537915009CC18E /* XCRemoteSwiftPackageReference "GoogleSignIn-iOS" */ = {
			isa = XCRemoteSwiftPackageReference;
			repositoryURL = "https://github.com/google/GoogleSignIn-iOS.git";
			requirement = {
				kind = exactVersion;
				version = 7.0.0;
			};
		};
/* End XCRemoteSwiftPackageReference section */

/* Begin XCSwiftPackageProductDependency section */
		1F357F572D0D3A0A003F121A /* FirebaseStorage */ = {
			isa = XCSwiftPackageProductDependency;
			package = 1F5E875A2A09FB3500B5A4ED /* XCRemoteSwiftPackageReference "firebase-ios-sdk" */;
			productName = FirebaseStorage;
		};
		1F5E875B2A09FB3500B5A4ED /* FirebaseAnalytics */ = {
			isa = XCSwiftPackageProductDependency;
			package = 1F5E875A2A09FB3500B5A4ED /* XCRemoteSwiftPackageReference "firebase-ios-sdk" */;
			productName = FirebaseAnalytics;
		};
		1F8EB9552B537915009CC18E /* GoogleSignIn */ = {
			isa = XCSwiftPackageProductDependency;
			package = 1F8EB9542B537915009CC18E /* XCRemoteSwiftPackageReference "GoogleSignIn-iOS" */;
			productName = GoogleSignIn;
		};
		1F8EB9572B537915009CC18E /* GoogleSignInSwift */ = {
			isa = XCSwiftPackageProductDependency;
			package = 1F8EB9542B537915009CC18E /* XCRemoteSwiftPackageReference "GoogleSignIn-iOS" */;
			productName = GoogleSignInSwift;
		};
		1FCC05822D0E685100892746 /* FirebaseFirestore */ = {
			isa = XCSwiftPackageProductDependency;
			package = 1F5E875A2A09FB3500B5A4ED /* XCRemoteSwiftPackageReference "firebase-ios-sdk" */;
			productName = FirebaseFirestore;
		};
		1FFCE5BA2B420BEF001751CA /* FirebaseAuth */ = {
			isa = XCSwiftPackageProductDependency;
			package = 1F5E875A2A09FB3500B5A4ED /* XCRemoteSwiftPackageReference "firebase-ios-sdk" */;
			productName = FirebaseAuth;
		};
/* End XCSwiftPackageProductDependency section */
	};
	rootObject = 1FED1A0129E20B2E00868BAC /* Project object */;
}
